
Microsoft Visual Studio Solution File, Format Version 12.00
# Visual Studio Version 16
VisualStudioVersion = 16.0.29519.181
MinimumVisualStudioVersion = 10.0.40219.1
Project("{9A19103F-16F7-4668-BE54-9A1E7A4F7556}") = "TheFipster.Minecraft.Speedrun.Web", "TheFipster.Minecraft.Speedrun.Web\TheFipster.Minecraft.Speedrun.Web.csproj", "{FC5C1865-C181-4C47-BE48-ACB6B096E13F}"
EndProject
Project("{2150E333-8FDC-42A3-9474-1A3956D46DE8}") = "Files", "Files", "{EC6D6CD2-D5DF-47D9-8FFC-6CC1B736136D}"
	ProjectSection(SolutionItems) = preProject
		.editorconfig = .editorconfig
		..\.gitignore = ..\.gitignore
		..\.github\workflows\dotnet-core.yml = ..\.github\workflows\dotnet-core.yml
		..\README.md = ..\README.md
	EndProjectSection
EndProject
Project("{2150E333-8FDC-42A3-9474-1A3956D46DE8}") = "Libraries", "Libraries", "{ABFB7836-5252-413E-996E-59CA9F604AB4}"
EndProject
Project("{9A19103F-16F7-4668-BE54-9A1E7A4F7556}") = "TheFipster.Minecraft.Import.Services", "TheFipster.Minecraft.Import.Services\TheFipster.Minecraft.Import.Services.csproj", "{4373E17B-9F1F-4B1D-AE06-6AE589FDFF0E}"
EndProject
Project("{9A19103F-16F7-4668-BE54-9A1E7A4F7556}") = "TheFipster.Minecraft.Import.Domain", "TheFipster.Minecraft.Import.Domain\TheFipster.Minecraft.Import.Domain.csproj", "{D19F6B28-0BD9-4E11-9EE8-98F4C8868ABA}"
EndProject
Project("{9A19103F-16F7-4668-BE54-9A1E7A4F7556}") = "TheFipster.Minecraft.Core.Domain", "TheFipster.Minecraft.Core.Domain\TheFipster.Minecraft.Core.Domain.csproj", "{5D51E022-3F28-41F8-B5D3-88E92FE0B44F}"
EndProject
Project("{9A19103F-16F7-4668-BE54-9A1E7A4F7556}") = "TheFipster.Minecraft.Core.Services", "TheFipster.Minecraft.Core.Services\TheFipster.Minecraft.Core.Services.csproj", "{179B0756-527D-4FFC-9F9A-14FDAC292A5C}"
EndProject
Project("{9A19103F-16F7-4668-BE54-9A1E7A4F7556}") = "TheFipster.Minecraft.Modules", "TheFipster.Minecraft.Modules\TheFipster.Minecraft.Modules.csproj", "{297FA755-F333-4EBB-A275-91286C10F629}"
EndProject
Project("{2150E333-8FDC-42A3-9474-1A3956D46DE8}") = "Import", "Import", "{11D8F267-6E79-4E1E-B94E-D80119DEB625}"
EndProject
Project("{2150E333-8FDC-42A3-9474-1A3956D46DE8}") = "Core", "Core", "{A015091A-2A27-461A-9F75-15E6B21A8F09}"
EndProject
Project("{9A19103F-16F7-4668-BE54-9A1E7A4F7556}") = "TheFipster.Minecraft.Core.Abstractions", "TheFipster.Minecraft.Core.Abstraction\TheFipster.Minecraft.Core.Abstractions.csproj", "{E658DA68-27A8-4EC6-9700-2057A1CCF88D}"
EndProject
Project("{2150E333-8FDC-42A3-9474-1A3956D46DE8}") = "Enhance", "Enhance", "{05D343F2-5B2E-413F-BA67-9130A4115000}"
EndProject
Project("{9A19103F-16F7-4668-BE54-9A1E7A4F7556}") = "TheFipster.Minecraft.Enhancer.Domain", "TheFipster.Minecraft.Enhancer.Domain\TheFipster.Minecraft.Enhancer.Domain.csproj", "{28A49D42-8122-478F-B68C-08D8AE6834B1}"
EndProject
Project("{9A19103F-16F7-4668-BE54-9A1E7A4F7556}") = "TheFipster.Minecraft.Enhancer.Services", "TheFipster.Minecraft.Enhancer.Services\TheFipster.Minecraft.Enhancer.Services.csproj", "{38027A83-233E-4102-A006-D94641B116CA}"
EndProject
Project("{9A19103F-16F7-4668-BE54-9A1E7A4F7556}") = "TheFipster.Minecraft.Enhancer.Abstractions", "TheFipster.Minecraft.Enhancer.Abstractions\TheFipster.Minecraft.Enhancer.Abstractions.csproj", "{90D4CD87-2A69-4D4F-B253-2CD01A6825F4}"
EndProject
Project("{2150E333-8FDC-42A3-9474-1A3956D46DE8}") = "Analytics", "Analytics", "{9068CA33-CE18-4283-B5C4-68349B39B37E}"
EndProject
Project("{9A19103F-16F7-4668-BE54-9A1E7A4F7556}") = "TheFipster.Minecraft.Analytics.Abstractions", "TheFipster.Minecraft.Analytics.Abstractions\TheFipster.Minecraft.Analytics.Abstractions.csproj", "{719DB039-99C6-4B54-98A2-EEDC1127742B}"
EndProject
Project("{9A19103F-16F7-4668-BE54-9A1E7A4F7556}") = "TheFipster.Minecraft.Analytics.Services", "TheFipster.Minecraft.Analytics.Services\TheFipster.Minecraft.Analytics.Services.csproj", "{DCB7B3CC-9663-4446-AF11-DE92DA2C00E7}"
EndProject
Project("{9A19103F-16F7-4668-BE54-9A1E7A4F7556}") = "TheFipster.Minecraft.Analytics.Domain", "TheFipster.Minecraft.Analytics.Domain\TheFipster.Minecraft.Analytics.Domain.csproj", "{4E37AC18-6666-4EA7-AAE2-970852E3B97C}"
EndProject
Project("{2150E333-8FDC-42A3-9474-1A3956D46DE8}") = "Extender", "Extender", "{268EA6D7-38C1-4DF9-9E1D-0553FC7D68E1}"
EndProject
Project("{9A19103F-16F7-4668-BE54-9A1E7A4F7556}") = "TheFipster.Minecraft.Extender.Services", "TheFipster.Minecraft.Extender.Services\TheFipster.Minecraft.Extender.Services.csproj", "{9B29D25B-FA1D-4E73-BD73-275851668FD9}"
EndProject
Project("{9A19103F-16F7-4668-BE54-9A1E7A4F7556}") = "TheFipster.Minecraft.Extender.Abstractions", "TheFipster.Minecraft.Extender.Abstractions\TheFipster.Minecraft.Extender.Abstractions.csproj", "{C54D4418-65AD-4CFE-8D29-D9BB9BD8640D}"
EndProject
Project("{9A19103F-16F7-4668-BE54-9A1E7A4F7556}") = "TheFipster.Minecraft.Extender.Domain", "TheFipster.Minecraft.Extender.Domain\TheFipster.Minecraft.Extender.Domain.csproj", "{1CB3ACE7-60B1-4913-ADE9-CEFE8427F5F4}"
EndProject
Project("{2150E333-8FDC-42A3-9474-1A3956D46DE8}") = "Storage", "Storage", "{4E7EED5B-D490-48E4-B154-FD424F217481}"
EndProject
Project("{9A19103F-16F7-4668-BE54-9A1E7A4F7556}") = "TheFipster.Minecraft.Storage.Abstractions", "TheFipster.Minecraft.Storage.Abstractions\TheFipster.Minecraft.Storage.Abstractions.csproj", "{46CBD35D-1093-42EC-BF90-DED29DE32467}"
EndProject
Project("{9A19103F-16F7-4668-BE54-9A1E7A4F7556}") = "TheFipster.Minecraft.Storage.Services", "TheFipster.Minecraft.Storage.Services\TheFipster.Minecraft.Storage.Services.csproj", "{C9E41974-012A-4CC7-9BDC-5CDFF6ABB332}"
EndProject
Project("{9A19103F-16F7-4668-BE54-9A1E7A4F7556}") = "TheFipster.Minecraft.Storage.Domain", "TheFipster.Minecraft.Storage.Domain\TheFipster.Minecraft.Storage.Domain.csproj", "{5CDDE60E-9D19-4D85-8AC6-8533BB2940CC}"
EndProject
Project("{2150E333-8FDC-42A3-9474-1A3956D46DE8}") = "Manual", "Manual", "{DA3485E3-27B4-4C91-B466-ABB2ACEE8731}"
EndProject
Project("{9A19103F-16F7-4668-BE54-9A1E7A4F7556}") = "TheFipster.Minecraft.Manual.Domain", "TheFipster.Minecraft.Manual.Domain\TheFipster.Minecraft.Manual.Domain.csproj", "{199EF215-B278-484F-AFBF-845BC1484FE6}"
EndProject
Project("{2150E333-8FDC-42A3-9474-1A3956D46DE8}") = "Meta", "Meta", "{752CFD70-481A-489E-9A9F-E03586197522}"
EndProject
Project("{9A19103F-16F7-4668-BE54-9A1E7A4F7556}") = "TheFipster.Minecraft.Meta.Abstractions", "TheFipster.Minecraft.Meta.Abstractions\TheFipster.Minecraft.Meta.Abstractions.csproj", "{46B45283-04EF-4EB2-A209-6B3D9775110B}"
EndProject
Project("{9A19103F-16F7-4668-BE54-9A1E7A4F7556}") = "TheFipster.Minecraft.Meta.Domain", "TheFipster.Minecraft.Meta.Domain\TheFipster.Minecraft.Meta.Domain.csproj", "{95982DD9-0783-4209-A4FF-40378DA9EDE0}"
EndProject
Project("{9A19103F-16F7-4668-BE54-9A1E7A4F7556}") = "TheFipster.Minecraft.Meta.Services", "TheFipster.Minecraft.Meta.Services\TheFipster.Minecraft.Meta.Services.csproj", "{7EFAFFAB-2644-4B28-A970-D81B184DD2B8}"
EndProject
Project("{9A19103F-16F7-4668-BE54-9A1E7A4F7556}") = "TheFipster.Minecraft.Import.Abstractions", "TheFipster.Minecraft.Import.Abstractions\TheFipster.Minecraft.Import.Abstractions.csproj", "{DD16FBE2-7D02-426B-86C1-75DB340D314A}"
EndProject
Project("{9A19103F-16F7-4668-BE54-9A1E7A4F7556}") = "TheFipster.Minecraft.Manual.Services", "TheFipster.Minecraft.Manual.Services\TheFipster.Minecraft.Manual.Services.csproj", "{41C9130F-3156-41A6-BD93-4143A7E23F91}"
EndProject
Project("{9A19103F-16F7-4668-BE54-9A1E7A4F7556}") = "TheFipster.Minecraft.Manual.Abstractions", "TheFipster.Minecraft.Manual.Abstractions\TheFipster.Minecraft.Manual.Abstractions.csproj", "{52D0C168-F798-4774-89C9-5305027E5616}"
EndProject
Project("{2150E333-8FDC-42A3-9474-1A3956D46DE8}") = "Overview", "Overview", "{AE59527B-C7F9-42C1-B2C1-DEC5E7279A9D}"
EndProject
Project("{9A19103F-16F7-4668-BE54-9A1E7A4F7556}") = "TheFipster.Minecraft.Overview.Services", "TheFipster.Minecraft.Overview.Services\TheFipster.Minecraft.Overview.Services.csproj", "{ECB381B2-69CB-4CCE-92E4-ACAC07904052}"
EndProject
Project("{9A19103F-16F7-4668-BE54-9A1E7A4F7556}") = "TheFipster.Minecraft.Overview.Domain", "TheFipster.Minecraft.Overview.Domain\TheFipster.Minecraft.Overview.Domain.csproj", "{56F16705-8299-4BD1-AADA-919BB257A2FB}"
EndProject
Project("{9A19103F-16F7-4668-BE54-9A1E7A4F7556}") = "TheFipster.Minecraft.Overview.Abstractions", "TheFipster.Minecraft.Overview.Abstractions\TheFipster.Minecraft.Overview.Abstractions.csproj", "{113398FE-7DDA-4EAE-B271-B3571C9ECFC1}"
EndProject
Project("{9A19103F-16F7-4668-BE54-9A1E7A4F7556}") = "TheFipster.Minecraft.HostedServices", "TheFipster.Minecraft.Tasks\TheFipster.Minecraft.HostedServices.csproj", "{C2F0CFB9-2738-4723-B537-F225305C4E10}"
EndProject
Project("{888888A0-9F3D-457C-B088-3A5042F75D52}") = "TheFipster.Minecraft.Tools", "TheFipster.Minecraft.Tools\TheFipster.Minecraft.Tools.pyproj", "{6C095C2F-8481-405C-BD38-D235ED65A62E}"
EndProject
Global
	GlobalSection(SolutionConfigurationPlatforms) = preSolution
		Debug|Any CPU = Debug|Any CPU
		Release|Any CPU = Release|Any CPU
	EndGlobalSection
	GlobalSection(ProjectConfigurationPlatforms) = postSolution
		{FC5C1865-C181-4C47-BE48-ACB6B096E13F}.Debug|Any CPU.ActiveCfg = Debug|Any CPU
		{FC5C1865-C181-4C47-BE48-ACB6B096E13F}.Debug|Any CPU.Build.0 = Debug|Any CPU
		{FC5C1865-C181-4C47-BE48-ACB6B096E13F}.Release|Any CPU.ActiveCfg = Release|Any CPU
		{FC5C1865-C181-4C47-BE48-ACB6B096E13F}.Release|Any CPU.Build.0 = Release|Any CPU
		{4373E17B-9F1F-4B1D-AE06-6AE589FDFF0E}.Debug|Any CPU.ActiveCfg = Debug|Any CPU
		{4373E17B-9F1F-4B1D-AE06-6AE589FDFF0E}.Debug|Any CPU.Build.0 = Debug|Any CPU
		{4373E17B-9F1F-4B1D-AE06-6AE589FDFF0E}.Release|Any CPU.ActiveCfg = Release|Any CPU
		{4373E17B-9F1F-4B1D-AE06-6AE589FDFF0E}.Release|Any CPU.Build.0 = Release|Any CPU
		{D19F6B28-0BD9-4E11-9EE8-98F4C8868ABA}.Debug|Any CPU.ActiveCfg = Debug|Any CPU
		{D19F6B28-0BD9-4E11-9EE8-98F4C8868ABA}.Debug|Any CPU.Build.0 = Debug|Any CPU
		{D19F6B28-0BD9-4E11-9EE8-98F4C8868ABA}.Release|Any CPU.ActiveCfg = Release|Any CPU
		{D19F6B28-0BD9-4E11-9EE8-98F4C8868ABA}.Release|Any CPU.Build.0 = Release|Any CPU
		{5D51E022-3F28-41F8-B5D3-88E92FE0B44F}.Debug|Any CPU.ActiveCfg = Debug|Any CPU
		{5D51E022-3F28-41F8-B5D3-88E92FE0B44F}.Debug|Any CPU.Build.0 = Debug|Any CPU
		{5D51E022-3F28-41F8-B5D3-88E92FE0B44F}.Release|Any CPU.ActiveCfg = Release|Any CPU
		{5D51E022-3F28-41F8-B5D3-88E92FE0B44F}.Release|Any CPU.Build.0 = Release|Any CPU
		{179B0756-527D-4FFC-9F9A-14FDAC292A5C}.Debug|Any CPU.ActiveCfg = Debug|Any CPU
		{179B0756-527D-4FFC-9F9A-14FDAC292A5C}.Debug|Any CPU.Build.0 = Debug|Any CPU
		{179B0756-527D-4FFC-9F9A-14FDAC292A5C}.Release|Any CPU.ActiveCfg = Release|Any CPU
		{179B0756-527D-4FFC-9F9A-14FDAC292A5C}.Release|Any CPU.Build.0 = Release|Any CPU
		{297FA755-F333-4EBB-A275-91286C10F629}.Debug|Any CPU.ActiveCfg = Debug|Any CPU
		{297FA755-F333-4EBB-A275-91286C10F629}.Debug|Any CPU.Build.0 = Debug|Any CPU
		{297FA755-F333-4EBB-A275-91286C10F629}.Release|Any CPU.ActiveCfg = Release|Any CPU
		{297FA755-F333-4EBB-A275-91286C10F629}.Release|Any CPU.Build.0 = Release|Any CPU
		{E658DA68-27A8-4EC6-9700-2057A1CCF88D}.Debug|Any CPU.ActiveCfg = Debug|Any CPU
		{E658DA68-27A8-4EC6-9700-2057A1CCF88D}.Debug|Any CPU.Build.0 = Debug|Any CPU
		{E658DA68-27A8-4EC6-9700-2057A1CCF88D}.Release|Any CPU.ActiveCfg = Release|Any CPU
		{E658DA68-27A8-4EC6-9700-2057A1CCF88D}.Release|Any CPU.Build.0 = Release|Any CPU
		{28A49D42-8122-478F-B68C-08D8AE6834B1}.Debug|Any CPU.ActiveCfg = Debug|Any CPU
		{28A49D42-8122-478F-B68C-08D8AE6834B1}.Debug|Any CPU.Build.0 = Debug|Any CPU
		{28A49D42-8122-478F-B68C-08D8AE6834B1}.Release|Any CPU.ActiveCfg = Release|Any CPU
		{28A49D42-8122-478F-B68C-08D8AE6834B1}.Release|Any CPU.Build.0 = Release|Any CPU
		{38027A83-233E-4102-A006-D94641B116CA}.Debug|Any CPU.ActiveCfg = Debug|Any CPU
		{38027A83-233E-4102-A006-D94641B116CA}.Debug|Any CPU.Build.0 = Debug|Any CPU
		{38027A83-233E-4102-A006-D94641B116CA}.Release|Any CPU.ActiveCfg = Release|Any CPU
		{38027A83-233E-4102-A006-D94641B116CA}.Release|Any CPU.Build.0 = Release|Any CPU
		{90D4CD87-2A69-4D4F-B253-2CD01A6825F4}.Debug|Any CPU.ActiveCfg = Debug|Any CPU
		{90D4CD87-2A69-4D4F-B253-2CD01A6825F4}.Debug|Any CPU.Build.0 = Debug|Any CPU
		{90D4CD87-2A69-4D4F-B253-2CD01A6825F4}.Release|Any CPU.ActiveCfg = Release|Any CPU
		{90D4CD87-2A69-4D4F-B253-2CD01A6825F4}.Release|Any CPU.Build.0 = Release|Any CPU
		{719DB039-99C6-4B54-98A2-EEDC1127742B}.Debug|Any CPU.ActiveCfg = Debug|Any CPU
		{719DB039-99C6-4B54-98A2-EEDC1127742B}.Debug|Any CPU.Build.0 = Debug|Any CPU
		{719DB039-99C6-4B54-98A2-EEDC1127742B}.Release|Any CPU.ActiveCfg = Release|Any CPU
		{719DB039-99C6-4B54-98A2-EEDC1127742B}.Release|Any CPU.Build.0 = Release|Any CPU
		{DCB7B3CC-9663-4446-AF11-DE92DA2C00E7}.Debug|Any CPU.ActiveCfg = Debug|Any CPU
		{DCB7B3CC-9663-4446-AF11-DE92DA2C00E7}.Debug|Any CPU.Build.0 = Debug|Any CPU
		{DCB7B3CC-9663-4446-AF11-DE92DA2C00E7}.Release|Any CPU.ActiveCfg = Release|Any CPU
		{DCB7B3CC-9663-4446-AF11-DE92DA2C00E7}.Release|Any CPU.Build.0 = Release|Any CPU
		{4E37AC18-6666-4EA7-AAE2-970852E3B97C}.Debug|Any CPU.ActiveCfg = Debug|Any CPU
		{4E37AC18-6666-4EA7-AAE2-970852E3B97C}.Debug|Any CPU.Build.0 = Debug|Any CPU
		{4E37AC18-6666-4EA7-AAE2-970852E3B97C}.Release|Any CPU.ActiveCfg = Release|Any CPU
		{4E37AC18-6666-4EA7-AAE2-970852E3B97C}.Release|Any CPU.Build.0 = Release|Any CPU
		{9B29D25B-FA1D-4E73-BD73-275851668FD9}.Debug|Any CPU.ActiveCfg = Debug|Any CPU
		{9B29D25B-FA1D-4E73-BD73-275851668FD9}.Debug|Any CPU.Build.0 = Debug|Any CPU
		{9B29D25B-FA1D-4E73-BD73-275851668FD9}.Release|Any CPU.ActiveCfg = Release|Any CPU
		{9B29D25B-FA1D-4E73-BD73-275851668FD9}.Release|Any CPU.Build.0 = Release|Any CPU
		{C54D4418-65AD-4CFE-8D29-D9BB9BD8640D}.Debug|Any CPU.ActiveCfg = Debug|Any CPU
		{C54D4418-65AD-4CFE-8D29-D9BB9BD8640D}.Debug|Any CPU.Build.0 = Debug|Any CPU
		{C54D4418-65AD-4CFE-8D29-D9BB9BD8640D}.Release|Any CPU.ActiveCfg = Release|Any CPU
		{C54D4418-65AD-4CFE-8D29-D9BB9BD8640D}.Release|Any CPU.Build.0 = Release|Any CPU
		{1CB3ACE7-60B1-4913-ADE9-CEFE8427F5F4}.Debug|Any CPU.ActiveCfg = Debug|Any CPU
		{1CB3ACE7-60B1-4913-ADE9-CEFE8427F5F4}.Debug|Any CPU.Build.0 = Debug|Any CPU
		{1CB3ACE7-60B1-4913-ADE9-CEFE8427F5F4}.Release|Any CPU.ActiveCfg = Release|Any CPU
		{1CB3ACE7-60B1-4913-ADE9-CEFE8427F5F4}.Release|Any CPU.Build.0 = Release|Any CPU
		{46CBD35D-1093-42EC-BF90-DED29DE32467}.Debug|Any CPU.ActiveCfg = Debug|Any CPU
		{46CBD35D-1093-42EC-BF90-DED29DE32467}.Debug|Any CPU.Build.0 = Debug|Any CPU
		{46CBD35D-1093-42EC-BF90-DED29DE32467}.Release|Any CPU.ActiveCfg = Release|Any CPU
		{46CBD35D-1093-42EC-BF90-DED29DE32467}.Release|Any CPU.Build.0 = Release|Any CPU
		{C9E41974-012A-4CC7-9BDC-5CDFF6ABB332}.Debug|Any CPU.ActiveCfg = Debug|Any CPU
		{C9E41974-012A-4CC7-9BDC-5CDFF6ABB332}.Debug|Any CPU.Build.0 = Debug|Any CPU
		{C9E41974-012A-4CC7-9BDC-5CDFF6ABB332}.Release|Any CPU.ActiveCfg = Release|Any CPU
		{C9E41974-012A-4CC7-9BDC-5CDFF6ABB332}.Release|Any CPU.Build.0 = Release|Any CPU
		{5CDDE60E-9D19-4D85-8AC6-8533BB2940CC}.Debug|Any CPU.ActiveCfg = Debug|Any CPU
		{5CDDE60E-9D19-4D85-8AC6-8533BB2940CC}.Debug|Any CPU.Build.0 = Debug|Any CPU
		{5CDDE60E-9D19-4D85-8AC6-8533BB2940CC}.Release|Any CPU.ActiveCfg = Release|Any CPU
		{5CDDE60E-9D19-4D85-8AC6-8533BB2940CC}.Release|Any CPU.Build.0 = Release|Any CPU
		{199EF215-B278-484F-AFBF-845BC1484FE6}.Debug|Any CPU.ActiveCfg = Debug|Any CPU
		{199EF215-B278-484F-AFBF-845BC1484FE6}.Debug|Any CPU.Build.0 = Debug|Any CPU
		{199EF215-B278-484F-AFBF-845BC1484FE6}.Release|Any CPU.ActiveCfg = Release|Any CPU
		{199EF215-B278-484F-AFBF-845BC1484FE6}.Release|Any CPU.Build.0 = Release|Any CPU
		{46B45283-04EF-4EB2-A209-6B3D9775110B}.Debug|Any CPU.ActiveCfg = Debug|Any CPU
		{46B45283-04EF-4EB2-A209-6B3D9775110B}.Debug|Any CPU.Build.0 = Debug|Any CPU
		{46B45283-04EF-4EB2-A209-6B3D9775110B}.Release|Any CPU.ActiveCfg = Release|Any CPU
		{46B45283-04EF-4EB2-A209-6B3D9775110B}.Release|Any CPU.Build.0 = Release|Any CPU
		{95982DD9-0783-4209-A4FF-40378DA9EDE0}.Debug|Any CPU.ActiveCfg = Debug|Any CPU
		{95982DD9-0783-4209-A4FF-40378DA9EDE0}.Debug|Any CPU.Build.0 = Debug|Any CPU
		{95982DD9-0783-4209-A4FF-40378DA9EDE0}.Release|Any CPU.ActiveCfg = Release|Any CPU
		{95982DD9-0783-4209-A4FF-40378DA9EDE0}.Release|Any CPU.Build.0 = Release|Any CPU
		{7EFAFFAB-2644-4B28-A970-D81B184DD2B8}.Debug|Any CPU.ActiveCfg = Debug|Any CPU
		{7EFAFFAB-2644-4B28-A970-D81B184DD2B8}.Debug|Any CPU.Build.0 = Debug|Any CPU
		{7EFAFFAB-2644-4B28-A970-D81B184DD2B8}.Release|Any CPU.ActiveCfg = Release|Any CPU
		{7EFAFFAB-2644-4B28-A970-D81B184DD2B8}.Release|Any CPU.Build.0 = Release|Any CPU
		{DD16FBE2-7D02-426B-86C1-75DB340D314A}.Debug|Any CPU.ActiveCfg = Debug|Any CPU
		{DD16FBE2-7D02-426B-86C1-75DB340D314A}.Debug|Any CPU.Build.0 = Debug|Any CPU
		{DD16FBE2-7D02-426B-86C1-75DB340D314A}.Release|Any CPU.ActiveCfg = Release|Any CPU
		{DD16FBE2-7D02-426B-86C1-75DB340D314A}.Release|Any CPU.Build.0 = Release|Any CPU
		{41C9130F-3156-41A6-BD93-4143A7E23F91}.Debug|Any CPU.ActiveCfg = Debug|Any CPU
		{41C9130F-3156-41A6-BD93-4143A7E23F91}.Debug|Any CPU.Build.0 = Debug|Any CPU
		{41C9130F-3156-41A6-BD93-4143A7E23F91}.Release|Any CPU.ActiveCfg = Release|Any CPU
		{41C9130F-3156-41A6-BD93-4143A7E23F91}.Release|Any CPU.Build.0 = Release|Any CPU
		{52D0C168-F798-4774-89C9-5305027E5616}.Debug|Any CPU.ActiveCfg = Debug|Any CPU
		{52D0C168-F798-4774-89C9-5305027E5616}.Debug|Any CPU.Build.0 = Debug|Any CPU
		{52D0C168-F798-4774-89C9-5305027E5616}.Release|Any CPU.ActiveCfg = Release|Any CPU
		{52D0C168-F798-4774-89C9-5305027E5616}.Release|Any CPU.Build.0 = Release|Any CPU
		{ECB381B2-69CB-4CCE-92E4-ACAC07904052}.Debug|Any CPU.ActiveCfg = Debug|Any CPU
		{ECB381B2-69CB-4CCE-92E4-ACAC07904052}.Debug|Any CPU.Build.0 = Debug|Any CPU
		{ECB381B2-69CB-4CCE-92E4-ACAC07904052}.Release|Any CPU.ActiveCfg = Release|Any CPU
		{ECB381B2-69CB-4CCE-92E4-ACAC07904052}.Release|Any CPU.Build.0 = Release|Any CPU
		{56F16705-8299-4BD1-AADA-919BB257A2FB}.Debug|Any CPU.ActiveCfg = Debug|Any CPU
		{56F16705-8299-4BD1-AADA-919BB257A2FB}.Debug|Any CPU.Build.0 = Debug|Any CPU
		{56F16705-8299-4BD1-AADA-919BB257A2FB}.Release|Any CPU.ActiveCfg = Release|Any CPU
		{56F16705-8299-4BD1-AADA-919BB257A2FB}.Release|Any CPU.Build.0 = Release|Any CPU
		{113398FE-7DDA-4EAE-B271-B3571C9ECFC1}.Debug|Any CPU.ActiveCfg = Debug|Any CPU
		{113398FE-7DDA-4EAE-B271-B3571C9ECFC1}.Debug|Any CPU.Build.0 = Debug|Any CPU
		{113398FE-7DDA-4EAE-B271-B3571C9ECFC1}.Release|Any CPU.ActiveCfg = Release|Any CPU
		{113398FE-7DDA-4EAE-B271-B3571C9ECFC1}.Release|Any CPU.Build.0 = Release|Any CPU
		{C2F0CFB9-2738-4723-B537-F225305C4E10}.Debug|Any CPU.ActiveCfg = Debug|Any CPU
		{C2F0CFB9-2738-4723-B537-F225305C4E10}.Debug|Any CPU.Build.0 = Debug|Any CPU
		{C2F0CFB9-2738-4723-B537-F225305C4E10}.Release|Any CPU.ActiveCfg = Release|Any CPU
		{C2F0CFB9-2738-4723-B537-F225305C4E10}.Release|Any CPU.Build.0 = Release|Any CPU
		{6C095C2F-8481-405C-BD38-D235ED65A62E}.Debug|Any CPU.ActiveCfg = Debug|Any CPU
		{6C095C2F-8481-405C-BD38-D235ED65A62E}.Release|Any CPU.ActiveCfg = Release|Any CPU
	EndGlobalSection
	GlobalSection(SolutionProperties) = preSolution
		HideSolutionNode = FALSE
	EndGlobalSection
	GlobalSection(NestedProjects) = preSolution
		{4373E17B-9F1F-4B1D-AE06-6AE589FDFF0E} = {11D8F267-6E79-4E1E-B94E-D80119DEB625}
		{D19F6B28-0BD9-4E11-9EE8-98F4C8868ABA} = {11D8F267-6E79-4E1E-B94E-D80119DEB625}
		{5D51E022-3F28-41F8-B5D3-88E92FE0B44F} = {A015091A-2A27-461A-9F75-15E6B21A8F09}
		{179B0756-527D-4FFC-9F9A-14FDAC292A5C} = {A015091A-2A27-461A-9F75-15E6B21A8F09}
		{11D8F267-6E79-4E1E-B94E-D80119DEB625} = {ABFB7836-5252-413E-996E-59CA9F604AB4}
		{A015091A-2A27-461A-9F75-15E6B21A8F09} = {ABFB7836-5252-413E-996E-59CA9F604AB4}
		{E658DA68-27A8-4EC6-9700-2057A1CCF88D} = {A015091A-2A27-461A-9F75-15E6B21A8F09}
		{05D343F2-5B2E-413F-BA67-9130A4115000} = {ABFB7836-5252-413E-996E-59CA9F604AB4}
		{28A49D42-8122-478F-B68C-08D8AE6834B1} = {05D343F2-5B2E-413F-BA67-9130A4115000}
		{38027A83-233E-4102-A006-D94641B116CA} = {05D343F2-5B2E-413F-BA67-9130A4115000}
		{90D4CD87-2A69-4D4F-B253-2CD01A6825F4} = {05D343F2-5B2E-413F-BA67-9130A4115000}
		{9068CA33-CE18-4283-B5C4-68349B39B37E} = {ABFB7836-5252-413E-996E-59CA9F604AB4}
		{719DB039-99C6-4B54-98A2-EEDC1127742B} = {9068CA33-CE18-4283-B5C4-68349B39B37E}
		{DCB7B3CC-9663-4446-AF11-DE92DA2C00E7} = {9068CA33-CE18-4283-B5C4-68349B39B37E}
		{4E37AC18-6666-4EA7-AAE2-970852E3B97C} = {9068CA33-CE18-4283-B5C4-68349B39B37E}
		{268EA6D7-38C1-4DF9-9E1D-0553FC7D68E1} = {ABFB7836-5252-413E-996E-59CA9F604AB4}
		{9B29D25B-FA1D-4E73-BD73-275851668FD9} = {268EA6D7-38C1-4DF9-9E1D-0553FC7D68E1}
		{C54D4418-65AD-4CFE-8D29-D9BB9BD8640D} = {268EA6D7-38C1-4DF9-9E1D-0553FC7D68E1}
		{1CB3ACE7-60B1-4913-ADE9-CEFE8427F5F4} = {268EA6D7-38C1-4DF9-9E1D-0553FC7D68E1}
		{4E7EED5B-D490-48E4-B154-FD424F217481} = {ABFB7836-5252-413E-996E-59CA9F604AB4}
		{46CBD35D-1093-42EC-BF90-DED29DE32467} = {4E7EED5B-D490-48E4-B154-FD424F217481}
		{C9E41974-012A-4CC7-9BDC-5CDFF6ABB332} = {4E7EED5B-D490-48E4-B154-FD424F217481}
		{5CDDE60E-9D19-4D85-8AC6-8533BB2940CC} = {4E7EED5B-D490-48E4-B154-FD424F217481}
		{DA3485E3-27B4-4C91-B466-ABB2ACEE8731} = {ABFB7836-5252-413E-996E-59CA9F604AB4}
		{199EF215-B278-484F-AFBF-845BC1484FE6} = {DA3485E3-27B4-4C91-B466-ABB2ACEE8731}
		{752CFD70-481A-489E-9A9F-E03586197522} = {ABFB7836-5252-413E-996E-59CA9F604AB4}
		{46B45283-04EF-4EB2-A209-6B3D9775110B} = {752CFD70-481A-489E-9A9F-E03586197522}
		{95982DD9-0783-4209-A4FF-40378DA9EDE0} = {752CFD70-481A-489E-9A9F-E03586197522}
		{7EFAFFAB-2644-4B28-A970-D81B184DD2B8} = {752CFD70-481A-489E-9A9F-E03586197522}
		{DD16FBE2-7D02-426B-86C1-75DB340D314A} = {11D8F267-6E79-4E1E-B94E-D80119DEB625}
		{41C9130F-3156-41A6-BD93-4143A7E23F91} = {DA3485E3-27B4-4C91-B466-ABB2ACEE8731}
		{52D0C168-F798-4774-89C9-5305027E5616} = {DA3485E3-27B4-4C91-B466-ABB2ACEE8731}
		{AE59527B-C7F9-42C1-B2C1-DEC5E7279A9D} = {ABFB7836-5252-413E-996E-59CA9F604AB4}
		{ECB381B2-69CB-4CCE-92E4-ACAC07904052} = {AE59527B-C7F9-42C1-B2C1-DEC5E7279A9D}
		{56F16705-8299-4BD1-AADA-919BB257A2FB} = {AE59527B-C7F9-42C1-B2C1-DEC5E7279A9D}
		{113398FE-7DDA-4EAE-B271-B3571C9ECFC1} = {AE59527B-C7F9-42C1-B2C1-DEC5E7279A9D}
	EndGlobalSection
	GlobalSection(ExtensibilityGlobals) = postSolution
		SolutionGuid = {4A72F90A-5712-4E05-B847-A2A60419ABB8}
	EndGlobalSection
EndGlobal
