
Microsoft Visual Studio Solution File, Format Version 12.00
# Visual Studio Version 16
VisualStudioVersion = 16.0.29519.181
MinimumVisualStudioVersion = 10.0.40219.1
Project("{9A19103F-16F7-4668-BE54-9A1E7A4F7556}") = "TheFipster.Minecraft.Gatherer", "TheFipster.Minecraft.Gatherer\TheFipster.Minecraft.Gatherer.csproj", "{6A781008-CC7A-4F23-B9AD-3756ADA05B09}"
EndProject
Project("{9A19103F-16F7-4668-BE54-9A1E7A4F7556}") = "TheFipster.Minecraft.Speedrun.Web", "TheFipster.Minecraft.Speedrun.Web\TheFipster.Minecraft.Speedrun.Web.csproj", "{FC5C1865-C181-4C47-BE48-ACB6B096E13F}"
EndProject
Project("{9A19103F-16F7-4668-BE54-9A1E7A4F7556}") = "TheFipster.Minecraft.Speedrun.Services", "TheFipster.Minecraft.Speedrun.Services\TheFipster.Minecraft.Speedrun.Services.csproj", "{AED9EBD8-EFB5-4212-BF6F-3BBEAA59AA77}"
EndProject
Project("{9A19103F-16F7-4668-BE54-9A1E7A4F7556}") = "TheFipster.Minecraft.Speedrun.Domain", "TheFipster.Minecraft.Speedrun.Domain\TheFipster.Minecraft.Speedrun.Domain.csproj", "{2526CC70-93CD-43E7-A006-64AFFB2B0FB6}"
EndProject
Project("{2150E333-8FDC-42A3-9474-1A3956D46DE8}") = "Solution Items", "Solution Items", "{EC6D6CD2-D5DF-47D9-8FFC-6CC1B736136D}"
	ProjectSection(SolutionItems) = preProject
		..\.gitignore = ..\.gitignore
	EndProjectSection
EndProject
Project("{9A19103F-16F7-4668-BE54-9A1E7A4F7556}") = "TheFipster.Minecraft.Speedrun.Modules", "TheFipster.Minecraft.Speedrun.Modules\TheFipster.Minecraft.Speedrun.Modules.csproj", "{7C788196-BE91-4E46-BB6C-6B5E931F07F9}"
EndProject
Project("{FAE04EC0-301F-11D3-BF4B-00C04F79EFBC}") = "TheFipster.Minecraft.LogTransformer", "TheFipster.Minecraft.LogTransformer\TheFipster.Minecraft.LogTransformer.csproj", "{7989A1E3-3E6E-498F-ADC8-887F30B3DFE5}"
EndProject
Global
	GlobalSection(SolutionConfigurationPlatforms) = preSolution
		Debug|Any CPU = Debug|Any CPU
		Release|Any CPU = Release|Any CPU
	EndGlobalSection
	GlobalSection(ProjectConfigurationPlatforms) = postSolution
		{6A781008-CC7A-4F23-B9AD-3756ADA05B09}.Debug|Any CPU.ActiveCfg = Debug|Any CPU
		{6A781008-CC7A-4F23-B9AD-3756ADA05B09}.Debug|Any CPU.Build.0 = Debug|Any CPU
		{6A781008-CC7A-4F23-B9AD-3756ADA05B09}.Release|Any CPU.ActiveCfg = Release|Any CPU
		{6A781008-CC7A-4F23-B9AD-3756ADA05B09}.Release|Any CPU.Build.0 = Release|Any CPU
		{FC5C1865-C181-4C47-BE48-ACB6B096E13F}.Debug|Any CPU.ActiveCfg = Debug|Any CPU
		{FC5C1865-C181-4C47-BE48-ACB6B096E13F}.Debug|Any CPU.Build.0 = Debug|Any CPU
		{FC5C1865-C181-4C47-BE48-ACB6B096E13F}.Release|Any CPU.ActiveCfg = Release|Any CPU
		{FC5C1865-C181-4C47-BE48-ACB6B096E13F}.Release|Any CPU.Build.0 = Release|Any CPU
		{AED9EBD8-EFB5-4212-BF6F-3BBEAA59AA77}.Debug|Any CPU.ActiveCfg = Debug|Any CPU
		{AED9EBD8-EFB5-4212-BF6F-3BBEAA59AA77}.Debug|Any CPU.Build.0 = Debug|Any CPU
		{AED9EBD8-EFB5-4212-BF6F-3BBEAA59AA77}.Release|Any CPU.ActiveCfg = Release|Any CPU
		{AED9EBD8-EFB5-4212-BF6F-3BBEAA59AA77}.Release|Any CPU.Build.0 = Release|Any CPU
		{2526CC70-93CD-43E7-A006-64AFFB2B0FB6}.Debug|Any CPU.ActiveCfg = Debug|Any CPU
		{2526CC70-93CD-43E7-A006-64AFFB2B0FB6}.Debug|Any CPU.Build.0 = Debug|Any CPU
		{2526CC70-93CD-43E7-A006-64AFFB2B0FB6}.Release|Any CPU.ActiveCfg = Release|Any CPU
		{2526CC70-93CD-43E7-A006-64AFFB2B0FB6}.Release|Any CPU.Build.0 = Release|Any CPU
		{7C788196-BE91-4E46-BB6C-6B5E931F07F9}.Debug|Any CPU.ActiveCfg = Debug|Any CPU
		{7C788196-BE91-4E46-BB6C-6B5E931F07F9}.Debug|Any CPU.Build.0 = Debug|Any CPU
		{7C788196-BE91-4E46-BB6C-6B5E931F07F9}.Release|Any CPU.ActiveCfg = Release|Any CPU
		{7C788196-BE91-4E46-BB6C-6B5E931F07F9}.Release|Any CPU.Build.0 = Release|Any CPU
		{7989A1E3-3E6E-498F-ADC8-887F30B3DFE5}.Debug|Any CPU.ActiveCfg = Debug|Any CPU
		{7989A1E3-3E6E-498F-ADC8-887F30B3DFE5}.Debug|Any CPU.Build.0 = Debug|Any CPU
		{7989A1E3-3E6E-498F-ADC8-887F30B3DFE5}.Release|Any CPU.ActiveCfg = Release|Any CPU
		{7989A1E3-3E6E-498F-ADC8-887F30B3DFE5}.Release|Any CPU.Build.0 = Release|Any CPU
	EndGlobalSection
	GlobalSection(SolutionProperties) = preSolution
		HideSolutionNode = FALSE
	EndGlobalSection
	GlobalSection(ExtensibilityGlobals) = postSolution
		SolutionGuid = {4A72F90A-5712-4E05-B847-A2A60419ABB8}
	EndGlobalSection
EndGlobal
