
Microsoft Visual Studio Solution File, Format Version 12.00
# Visual Studio Version 16
VisualStudioVersion = 16.0.29519.181
MinimumVisualStudioVersion = 10.0.40219.1
Project("{9A19103F-16F7-4668-BE54-9A1E7A4F7556}") = "TheFipster.Minecraft.Gatherer", "TheFipster.Minecraft.Gatherer\TheFipster.Minecraft.Gatherer.csproj", "{6A781008-CC7A-4F23-B9AD-3756ADA05B09}"
EndProject
Project("{9A19103F-16F7-4668-BE54-9A1E7A4F7556}") = "TheFipster.Minecraft.Speedrun.Web", "TheFipster.Minecraft.Speedrun.Web\TheFipster.Minecraft.Speedrun.Web.csproj", "{FC5C1865-C181-4C47-BE48-ACB6B096E13F}"
EndProject
Project("{9A19103F-16F7-4668-BE54-9A1E7A4F7556}") = "TheFipster.Minecraft.Speedrun.Services", "TheFipster.Minecraft.Speedrun.Services\TheFipster.Minecraft.Speedrun.Services.csproj", "{AED9EBD8-EFB5-4212-BF6F-3BBEAA59AA77}"
EndProject
Project("{9A19103F-16F7-4668-BE54-9A1E7A4F7556}") = "TheFipster.Minecraft.Speedrun.Domain", "TheFipster.Minecraft.Speedrun.Domain\TheFipster.Minecraft.Speedrun.Domain.csproj", "{2526CC70-93CD-43E7-A006-64AFFB2B0FB6}"
EndProject
Project("{2150E333-8FDC-42A3-9474-1A3956D46DE8}") = "Files", "Files", "{EC6D6CD2-D5DF-47D9-8FFC-6CC1B736136D}"
	ProjectSection(SolutionItems) = preProject
		..\.gitignore = ..\.gitignore
		..\.github\workflows\dotnet-core.yml = ..\.github\workflows\dotnet-core.yml
		..\README.md = ..\README.md
	EndProjectSection
EndProject
Project("{9A19103F-16F7-4668-BE54-9A1E7A4F7556}") = "TheFipster.Minecraft.Speedrun.Modules", "TheFipster.Minecraft.Speedrun.Modules\TheFipster.Minecraft.Speedrun.Modules.csproj", "{7C788196-BE91-4E46-BB6C-6B5E931F07F9}"
EndProject
Project("{9A19103F-16F7-4668-BE54-9A1E7A4F7556}") = "TheFipster.Minecraft.LogTransformer", "TheFipster.Minecraft.LogTransformer\TheFipster.Minecraft.LogTransformer.csproj", "{7989A1E3-3E6E-498F-ADC8-887F30B3DFE5}"
EndProject
Project("{9A19103F-16F7-4668-BE54-9A1E7A4F7556}") = "TheFipster.Minecraft.Gatherer.NbtConsole", "TheFipster.Minecraft.Gatherer.NbtConsole\TheFipster.Minecraft.Gatherer.NbtConsole.csproj", "{9375C34D-A5D8-4248-BE46-7F1B7FACF072}"
EndProject
Project("{2150E333-8FDC-42A3-9474-1A3956D46DE8}") = "Experiments", "Experiments", "{BF43BB5A-8EEE-4CA6-B608-277414026EC6}"
EndProject
Project("{2150E333-8FDC-42A3-9474-1A3956D46DE8}") = "Libraries", "Libraries", "{ABFB7836-5252-413E-996E-59CA9F604AB4}"
EndProject
Project("{9A19103F-16F7-4668-BE54-9A1E7A4F7556}") = "TheFipster.Minecraft.Import.Services", "TheFipster.Minecraft.Import.Services\TheFipster.Minecraft.Import.Services.csproj", "{4373E17B-9F1F-4B1D-AE06-6AE589FDFF0E}"
EndProject
Project("{9A19103F-16F7-4668-BE54-9A1E7A4F7556}") = "TheFipster.Minecraft.Import.Abstractions", "TheFipster.Minecraft.Services.Abstractions\TheFipster.Minecraft.Import.Abstractions.csproj", "{4AF9BC91-3DB2-4FF3-968B-8856135CA819}"
EndProject
Project("{9A19103F-16F7-4668-BE54-9A1E7A4F7556}") = "TheFipster.Minecraft.Import.Domain", "TheFipster.Minecraft.Import.Domain\TheFipster.Minecraft.Import.Domain.csproj", "{D19F6B28-0BD9-4E11-9EE8-98F4C8868ABA}"
EndProject
Project("{9A19103F-16F7-4668-BE54-9A1E7A4F7556}") = "TheFipster.Minecraft.Domain", "TheFipster.Minecraft.Domain\TheFipster.Minecraft.Domain.csproj", "{5D51E022-3F28-41F8-B5D3-88E92FE0B44F}"
EndProject
Project("{9A19103F-16F7-4668-BE54-9A1E7A4F7556}") = "TheFipster.Minecraft.Services", "TheFipster.Minecraft.Services\TheFipster.Minecraft.Services.csproj", "{179B0756-527D-4FFC-9F9A-14FDAC292A5C}"
EndProject
Project("{9A19103F-16F7-4668-BE54-9A1E7A4F7556}") = "TheFipster.Minecraft.Modules", "TheFipster.Minecraft.Modules\TheFipster.Minecraft.Modules.csproj", "{297FA755-F333-4EBB-A275-91286C10F629}"
EndProject
Project("{2150E333-8FDC-42A3-9474-1A3956D46DE8}") = "Import", "Import", "{11D8F267-6E79-4E1E-B94E-D80119DEB625}"
EndProject
Project("{2150E333-8FDC-42A3-9474-1A3956D46DE8}") = "Core", "Core", "{A015091A-2A27-461A-9F75-15E6B21A8F09}"
EndProject
Project("{2150E333-8FDC-42A3-9474-1A3956D46DE8}") = "Legacy", "Legacy", "{D3CE86E3-2B44-4A9C-B3EE-BB85B1984503}"
EndProject
Project("{9A19103F-16F7-4668-BE54-9A1E7A4F7556}") = "TheFipster.Minecraft.Abstraction", "TheFipster.Minecraft.Abstraction\TheFipster.Minecraft.Abstraction.csproj", "{E658DA68-27A8-4EC6-9700-2057A1CCF88D}"
EndProject
Project("{2150E333-8FDC-42A3-9474-1A3956D46DE8}") = "Meta", "Meta", "{05D343F2-5B2E-413F-BA67-9130A4115000}"
EndProject
Project("{9A19103F-16F7-4668-BE54-9A1E7A4F7556}") = "TheFipster.Minecraft.Enhancer.Domain", "TheFipster.Minecraft.Meta.Domain\TheFipster.Minecraft.Enhancer.Domain.csproj", "{28A49D42-8122-478F-B68C-08D8AE6834B1}"
EndProject
Project("{9A19103F-16F7-4668-BE54-9A1E7A4F7556}") = "TheFipster.Minecraft.Enhancer.Services", "TheFipster.Minecraft.Meta.Services\TheFipster.Minecraft.Enhancer.Services.csproj", "{38027A83-233E-4102-A006-D94641B116CA}"
EndProject
Project("{9A19103F-16F7-4668-BE54-9A1E7A4F7556}") = "TheFipster.Minecraft.Enhancer.Abstractions", "TheFipster.Minecraft.Meta.Abstractions\TheFipster.Minecraft.Enhancer.Abstractions.csproj", "{90D4CD87-2A69-4D4F-B253-2CD01A6825F4}"
EndProject
Global
	GlobalSection(SolutionConfigurationPlatforms) = preSolution
		Debug|Any CPU = Debug|Any CPU
		Release|Any CPU = Release|Any CPU
	EndGlobalSection
	GlobalSection(ProjectConfigurationPlatforms) = postSolution
		{6A781008-CC7A-4F23-B9AD-3756ADA05B09}.Debug|Any CPU.ActiveCfg = Debug|Any CPU
		{6A781008-CC7A-4F23-B9AD-3756ADA05B09}.Debug|Any CPU.Build.0 = Debug|Any CPU
		{6A781008-CC7A-4F23-B9AD-3756ADA05B09}.Release|Any CPU.ActiveCfg = Release|Any CPU
		{6A781008-CC7A-4F23-B9AD-3756ADA05B09}.Release|Any CPU.Build.0 = Release|Any CPU
		{FC5C1865-C181-4C47-BE48-ACB6B096E13F}.Debug|Any CPU.ActiveCfg = Debug|Any CPU
		{FC5C1865-C181-4C47-BE48-ACB6B096E13F}.Debug|Any CPU.Build.0 = Debug|Any CPU
		{FC5C1865-C181-4C47-BE48-ACB6B096E13F}.Release|Any CPU.ActiveCfg = Release|Any CPU
		{FC5C1865-C181-4C47-BE48-ACB6B096E13F}.Release|Any CPU.Build.0 = Release|Any CPU
		{AED9EBD8-EFB5-4212-BF6F-3BBEAA59AA77}.Debug|Any CPU.ActiveCfg = Debug|Any CPU
		{AED9EBD8-EFB5-4212-BF6F-3BBEAA59AA77}.Debug|Any CPU.Build.0 = Debug|Any CPU
		{AED9EBD8-EFB5-4212-BF6F-3BBEAA59AA77}.Release|Any CPU.ActiveCfg = Release|Any CPU
		{AED9EBD8-EFB5-4212-BF6F-3BBEAA59AA77}.Release|Any CPU.Build.0 = Release|Any CPU
		{2526CC70-93CD-43E7-A006-64AFFB2B0FB6}.Debug|Any CPU.ActiveCfg = Debug|Any CPU
		{2526CC70-93CD-43E7-A006-64AFFB2B0FB6}.Debug|Any CPU.Build.0 = Debug|Any CPU
		{2526CC70-93CD-43E7-A006-64AFFB2B0FB6}.Release|Any CPU.ActiveCfg = Release|Any CPU
		{2526CC70-93CD-43E7-A006-64AFFB2B0FB6}.Release|Any CPU.Build.0 = Release|Any CPU
		{7C788196-BE91-4E46-BB6C-6B5E931F07F9}.Debug|Any CPU.ActiveCfg = Debug|Any CPU
		{7C788196-BE91-4E46-BB6C-6B5E931F07F9}.Debug|Any CPU.Build.0 = Debug|Any CPU
		{7C788196-BE91-4E46-BB6C-6B5E931F07F9}.Release|Any CPU.ActiveCfg = Release|Any CPU
		{7C788196-BE91-4E46-BB6C-6B5E931F07F9}.Release|Any CPU.Build.0 = Release|Any CPU
		{7989A1E3-3E6E-498F-ADC8-887F30B3DFE5}.Debug|Any CPU.ActiveCfg = Debug|Any CPU
		{7989A1E3-3E6E-498F-ADC8-887F30B3DFE5}.Debug|Any CPU.Build.0 = Debug|Any CPU
		{7989A1E3-3E6E-498F-ADC8-887F30B3DFE5}.Release|Any CPU.ActiveCfg = Release|Any CPU
		{7989A1E3-3E6E-498F-ADC8-887F30B3DFE5}.Release|Any CPU.Build.0 = Release|Any CPU
		{9375C34D-A5D8-4248-BE46-7F1B7FACF072}.Debug|Any CPU.ActiveCfg = Debug|Any CPU
		{9375C34D-A5D8-4248-BE46-7F1B7FACF072}.Debug|Any CPU.Build.0 = Debug|Any CPU
		{9375C34D-A5D8-4248-BE46-7F1B7FACF072}.Release|Any CPU.ActiveCfg = Release|Any CPU
		{9375C34D-A5D8-4248-BE46-7F1B7FACF072}.Release|Any CPU.Build.0 = Release|Any CPU
		{4373E17B-9F1F-4B1D-AE06-6AE589FDFF0E}.Debug|Any CPU.ActiveCfg = Debug|Any CPU
		{4373E17B-9F1F-4B1D-AE06-6AE589FDFF0E}.Debug|Any CPU.Build.0 = Debug|Any CPU
		{4373E17B-9F1F-4B1D-AE06-6AE589FDFF0E}.Release|Any CPU.ActiveCfg = Release|Any CPU
		{4373E17B-9F1F-4B1D-AE06-6AE589FDFF0E}.Release|Any CPU.Build.0 = Release|Any CPU
		{4AF9BC91-3DB2-4FF3-968B-8856135CA819}.Debug|Any CPU.ActiveCfg = Debug|Any CPU
		{4AF9BC91-3DB2-4FF3-968B-8856135CA819}.Debug|Any CPU.Build.0 = Debug|Any CPU
		{4AF9BC91-3DB2-4FF3-968B-8856135CA819}.Release|Any CPU.ActiveCfg = Release|Any CPU
		{4AF9BC91-3DB2-4FF3-968B-8856135CA819}.Release|Any CPU.Build.0 = Release|Any CPU
		{D19F6B28-0BD9-4E11-9EE8-98F4C8868ABA}.Debug|Any CPU.ActiveCfg = Debug|Any CPU
		{D19F6B28-0BD9-4E11-9EE8-98F4C8868ABA}.Debug|Any CPU.Build.0 = Debug|Any CPU
		{D19F6B28-0BD9-4E11-9EE8-98F4C8868ABA}.Release|Any CPU.ActiveCfg = Release|Any CPU
		{D19F6B28-0BD9-4E11-9EE8-98F4C8868ABA}.Release|Any CPU.Build.0 = Release|Any CPU
		{5D51E022-3F28-41F8-B5D3-88E92FE0B44F}.Debug|Any CPU.ActiveCfg = Debug|Any CPU
		{5D51E022-3F28-41F8-B5D3-88E92FE0B44F}.Debug|Any CPU.Build.0 = Debug|Any CPU
		{5D51E022-3F28-41F8-B5D3-88E92FE0B44F}.Release|Any CPU.ActiveCfg = Release|Any CPU
		{5D51E022-3F28-41F8-B5D3-88E92FE0B44F}.Release|Any CPU.Build.0 = Release|Any CPU
		{179B0756-527D-4FFC-9F9A-14FDAC292A5C}.Debug|Any CPU.ActiveCfg = Debug|Any CPU
		{179B0756-527D-4FFC-9F9A-14FDAC292A5C}.Debug|Any CPU.Build.0 = Debug|Any CPU
		{179B0756-527D-4FFC-9F9A-14FDAC292A5C}.Release|Any CPU.ActiveCfg = Release|Any CPU
		{179B0756-527D-4FFC-9F9A-14FDAC292A5C}.Release|Any CPU.Build.0 = Release|Any CPU
		{297FA755-F333-4EBB-A275-91286C10F629}.Debug|Any CPU.ActiveCfg = Debug|Any CPU
		{297FA755-F333-4EBB-A275-91286C10F629}.Debug|Any CPU.Build.0 = Debug|Any CPU
		{297FA755-F333-4EBB-A275-91286C10F629}.Release|Any CPU.ActiveCfg = Release|Any CPU
		{297FA755-F333-4EBB-A275-91286C10F629}.Release|Any CPU.Build.0 = Release|Any CPU
		{E658DA68-27A8-4EC6-9700-2057A1CCF88D}.Debug|Any CPU.ActiveCfg = Debug|Any CPU
		{E658DA68-27A8-4EC6-9700-2057A1CCF88D}.Debug|Any CPU.Build.0 = Debug|Any CPU
		{E658DA68-27A8-4EC6-9700-2057A1CCF88D}.Release|Any CPU.ActiveCfg = Release|Any CPU
		{E658DA68-27A8-4EC6-9700-2057A1CCF88D}.Release|Any CPU.Build.0 = Release|Any CPU
		{28A49D42-8122-478F-B68C-08D8AE6834B1}.Debug|Any CPU.ActiveCfg = Debug|Any CPU
		{28A49D42-8122-478F-B68C-08D8AE6834B1}.Debug|Any CPU.Build.0 = Debug|Any CPU
		{28A49D42-8122-478F-B68C-08D8AE6834B1}.Release|Any CPU.ActiveCfg = Release|Any CPU
		{28A49D42-8122-478F-B68C-08D8AE6834B1}.Release|Any CPU.Build.0 = Release|Any CPU
		{38027A83-233E-4102-A006-D94641B116CA}.Debug|Any CPU.ActiveCfg = Debug|Any CPU
		{38027A83-233E-4102-A006-D94641B116CA}.Debug|Any CPU.Build.0 = Debug|Any CPU
		{38027A83-233E-4102-A006-D94641B116CA}.Release|Any CPU.ActiveCfg = Release|Any CPU
		{38027A83-233E-4102-A006-D94641B116CA}.Release|Any CPU.Build.0 = Release|Any CPU
		{90D4CD87-2A69-4D4F-B253-2CD01A6825F4}.Debug|Any CPU.ActiveCfg = Debug|Any CPU
		{90D4CD87-2A69-4D4F-B253-2CD01A6825F4}.Debug|Any CPU.Build.0 = Debug|Any CPU
		{90D4CD87-2A69-4D4F-B253-2CD01A6825F4}.Release|Any CPU.ActiveCfg = Release|Any CPU
		{90D4CD87-2A69-4D4F-B253-2CD01A6825F4}.Release|Any CPU.Build.0 = Release|Any CPU
	EndGlobalSection
	GlobalSection(SolutionProperties) = preSolution
		HideSolutionNode = FALSE
	EndGlobalSection
	GlobalSection(NestedProjects) = preSolution
		{6A781008-CC7A-4F23-B9AD-3756ADA05B09} = {BF43BB5A-8EEE-4CA6-B608-277414026EC6}
		{AED9EBD8-EFB5-4212-BF6F-3BBEAA59AA77} = {D3CE86E3-2B44-4A9C-B3EE-BB85B1984503}
		{2526CC70-93CD-43E7-A006-64AFFB2B0FB6} = {D3CE86E3-2B44-4A9C-B3EE-BB85B1984503}
		{7C788196-BE91-4E46-BB6C-6B5E931F07F9} = {D3CE86E3-2B44-4A9C-B3EE-BB85B1984503}
		{7989A1E3-3E6E-498F-ADC8-887F30B3DFE5} = {BF43BB5A-8EEE-4CA6-B608-277414026EC6}
		{9375C34D-A5D8-4248-BE46-7F1B7FACF072} = {BF43BB5A-8EEE-4CA6-B608-277414026EC6}
		{4373E17B-9F1F-4B1D-AE06-6AE589FDFF0E} = {11D8F267-6E79-4E1E-B94E-D80119DEB625}
		{4AF9BC91-3DB2-4FF3-968B-8856135CA819} = {11D8F267-6E79-4E1E-B94E-D80119DEB625}
		{D19F6B28-0BD9-4E11-9EE8-98F4C8868ABA} = {11D8F267-6E79-4E1E-B94E-D80119DEB625}
		{5D51E022-3F28-41F8-B5D3-88E92FE0B44F} = {A015091A-2A27-461A-9F75-15E6B21A8F09}
		{179B0756-527D-4FFC-9F9A-14FDAC292A5C} = {A015091A-2A27-461A-9F75-15E6B21A8F09}
		{297FA755-F333-4EBB-A275-91286C10F629} = {ABFB7836-5252-413E-996E-59CA9F604AB4}
		{11D8F267-6E79-4E1E-B94E-D80119DEB625} = {ABFB7836-5252-413E-996E-59CA9F604AB4}
		{A015091A-2A27-461A-9F75-15E6B21A8F09} = {ABFB7836-5252-413E-996E-59CA9F604AB4}
		{E658DA68-27A8-4EC6-9700-2057A1CCF88D} = {A015091A-2A27-461A-9F75-15E6B21A8F09}
		{05D343F2-5B2E-413F-BA67-9130A4115000} = {ABFB7836-5252-413E-996E-59CA9F604AB4}
		{28A49D42-8122-478F-B68C-08D8AE6834B1} = {05D343F2-5B2E-413F-BA67-9130A4115000}
		{38027A83-233E-4102-A006-D94641B116CA} = {05D343F2-5B2E-413F-BA67-9130A4115000}
		{90D4CD87-2A69-4D4F-B253-2CD01A6825F4} = {05D343F2-5B2E-413F-BA67-9130A4115000}
	EndGlobalSection
	GlobalSection(ExtensibilityGlobals) = postSolution
		SolutionGuid = {4A72F90A-5712-4E05-B847-A2A60419ABB8}
	EndGlobalSection
EndGlobal
